// !$*UTF8*$!
{
	archiveVersion = 1;
	classes = {
	};
	objectVersion = 56;
	objects = {

/* Begin PBXBuildFile section */
		2D9D55DD2B25D91C0092637D /* AppDelegate.swift in Sources */ = {isa = PBXBuildFile; fileRef = 2D9D55DC2B25D91C0092637D /* AppDelegate.swift */; };
		2D9D55DF2B25D91C0092637D /* SceneDelegate.swift in Sources */ = {isa = PBXBuildFile; fileRef = 2D9D55DE2B25D91C0092637D /* SceneDelegate.swift */; };
		2D9D55E12B25D91C0092637D /* CallViewController.swift in Sources */ = {isa = PBXBuildFile; fileRef = 2D9D55E02B25D91C0092637D /* CallViewController.swift */; };
		2D9D55E62B25D91F0092637D /* Assets.xcassets in Resources */ = {isa = PBXBuildFile; fileRef = 2D9D55E52B25D91F0092637D /* Assets.xcassets */; };
		2D9D55F22B25DCDC0092637D /* AIAEC in Frameworks */ = {isa = PBXBuildFile; productRef = 2D9D55F12B25DCDC0092637D /* AIAEC */; };
		2D9D55F42B25DCDC0092637D /* AINS in Frameworks */ = {isa = PBXBuildFile; productRef = 2D9D55F32B25DCDC0092637D /* AINS */; };
		2D9D55F62B25DCDC0092637D /* AudioBeauty in Frameworks */ = {isa = PBXBuildFile; productRef = 2D9D55F52B25DCDC0092637D /* AudioBeauty */; };
		2D9D55F82B25DCDC0092637D /* DRM in Frameworks */ = {isa = PBXBuildFile; productRef = 2D9D55F72B25DCDC0092637D /* DRM */; };
		2D9D55FA2B25DCDC0092637D /* RtcBasic in Frameworks */ = {isa = PBXBuildFile; productRef = 2D9D55F92B25DCDC0092637D /* RtcBasic */; };
		2D9D55FC2B25DCDC0092637D /* SpatialAudio in Frameworks */ = {isa = PBXBuildFile; productRef = 2D9D55FB2B25DCDC0092637D /* SpatialAudio */; };
		2D9D56002B25EA2E0092637D /* CallViewModel.swift in Sources */ = {isa = PBXBuildFile; fileRef = 2D9D55FF2B25EA2E0092637D /* CallViewModel.swift */; };
		2D9D56032B2605790092637D /* CallView.swift in Sources */ = {isa = PBXBuildFile; fileRef = 2D9D56022B2605790092637D /* CallView.swift */; };
		2D9D56072B27053D0092637D /* CallManager.swift in Sources */ = {isa = PBXBuildFile; fileRef = 2D9D56062B27053D0092637D /* CallManager.swift */; };
/* End PBXBuildFile section */

/* Begin PBXFileReference section */
		2D9D55D92B25D91C0092637D /* SimpleCallKitApp.app */ = {isa = PBXFileReference; explicitFileType = wrapper.application; includeInIndex = 0; path = SimpleCallKitApp.app; sourceTree = BUILT_PRODUCTS_DIR; };
		2D9D55DC2B25D91C0092637D /* AppDelegate.swift */ = {isa = PBXFileReference; lastKnownFileType = sourcecode.swift; path = AppDelegate.swift; sourceTree = "<group>"; };
		2D9D55DE2B25D91C0092637D /* SceneDelegate.swift */ = {isa = PBXFileReference; lastKnownFileType = sourcecode.swift; path = SceneDelegate.swift; sourceTree = "<group>"; };
		2D9D55E02B25D91C0092637D /* CallViewController.swift */ = {isa = PBXFileReference; lastKnownFileType = sourcecode.swift; path = CallViewController.swift; sourceTree = "<group>"; };
		2D9D55E52B25D91F0092637D /* Assets.xcassets */ = {isa = PBXFileReference; lastKnownFileType = folder.assetcatalog; path = Assets.xcassets; sourceTree = "<group>"; };
		2D9D55EA2B25D91F0092637D /* Info.plist */ = {isa = PBXFileReference; lastKnownFileType = text.plist.xml; path = Info.plist; sourceTree = "<group>"; };
		2D9D55FF2B25EA2E0092637D /* CallViewModel.swift */ = {isa = PBXFileReference; lastKnownFileType = sourcecode.swift; path = CallViewModel.swift; sourceTree = "<group>"; };
		2D9D56022B2605790092637D /* CallView.swift */ = {isa = PBXFileReference; lastKnownFileType = sourcecode.swift; path = CallView.swift; sourceTree = "<group>"; };
		2D9D56062B27053D0092637D /* CallManager.swift */ = {isa = PBXFileReference; lastKnownFileType = sourcecode.swift; path = CallManager.swift; sourceTree = "<group>"; };
/* End PBXFileReference section */

/* Begin PBXFrameworksBuildPhase section */
		2D9D55D62B25D91C0092637D /* Frameworks */ = {
			isa = PBXFrameworksBuildPhase;
			buildActionMask = 2147483647;
			files = (
				2D9D55FC2B25DCDC0092637D /* SpatialAudio in Frameworks */,
				2D9D55F62B25DCDC0092637D /* AudioBeauty in Frameworks */,
				2D9D55F22B25DCDC0092637D /* AIAEC in Frameworks */,
				2D9D55F82B25DCDC0092637D /* DRM in Frameworks */,
				2D9D55F42B25DCDC0092637D /* AINS in Frameworks */,
				2D9D55FA2B25DCDC0092637D /* RtcBasic in Frameworks */,
			);
			runOnlyForDeploymentPostprocessing = 0;
		};
/* End PBXFrameworksBuildPhase section */

/* Begin PBXGroup section */
		2D9D55D02B25D91C0092637D = {
			isa = PBXGroup;
			children = (
				2D9D55DB2B25D91C0092637D /* SimpleCallKitApp */,
				2D9D55DA2B25D91C0092637D /* Products */,
			);
			sourceTree = "<group>";
		};
		2D9D55DA2B25D91C0092637D /* Products */ = {
			isa = PBXGroup;
			children = (
				2D9D55D92B25D91C0092637D /* SimpleCallKitApp.app */,
			);
			name = Products;
			sourceTree = "<group>";
		};
		2D9D55DB2B25D91C0092637D /* SimpleCallKitApp */ = {
			isa = PBXGroup;
			children = (
				2D9D56052B27051C0092637D /* AppDelegate */,
				2D9D56042B2705070092637D /* CallManager */,
				2D9D55FD2B25EA140092637D /* Home */,
				2D9D55E02B25D91C0092637D /* CallViewController.swift */,
				2D9D55E52B25D91F0092637D /* Assets.xcassets */,
				2D9D55EA2B25D91F0092637D /* Info.plist */,
			);
			path = SimpleCallKitApp;
			sourceTree = "<group>";
		};
		2D9D55FD2B25EA140092637D /* Home */ = {
			isa = PBXGroup;
			children = (
				2D9D56012B26056A0092637D /* View */,
				2D9D55FE2B25EA1A0092637D /* ViewModel */,
			);
			path = Home;
			sourceTree = "<group>";
		};
		2D9D55FE2B25EA1A0092637D /* ViewModel */ = {
			isa = PBXGroup;
			children = (
				2D9D55FF2B25EA2E0092637D /* CallViewModel.swift */,
			);
			path = ViewModel;
			sourceTree = "<group>";
		};
		2D9D56012B26056A0092637D /* View */ = {
			isa = PBXGroup;
			children = (
				2D9D56022B2605790092637D /* CallView.swift */,
			);
			path = View;
			sourceTree = "<group>";
		};
		2D9D56042B2705070092637D /* CallManager */ = {
			isa = PBXGroup;
			children = (
				2D9D56062B27053D0092637D /* CallManager.swift */,
			);
			path = CallManager;
			sourceTree = "<group>";
		};
		2D9D56052B27051C0092637D /* AppDelegate */ = {
			isa = PBXGroup;
			children = (
				2D9D55DC2B25D91C0092637D /* AppDelegate.swift */,
				2D9D55DE2B25D91C0092637D /* SceneDelegate.swift */,
			);
			path = AppDelegate;
			sourceTree = "<group>";
		};
/* End PBXGroup section */

/* Begin PBXNativeTarget section */
		2D9D55D82B25D91C0092637D /* SimpleCallKitApp */ = {
			isa = PBXNativeTarget;
			buildConfigurationList = 2D9D55ED2B25D91F0092637D /* Build configuration list for PBXNativeTarget "SimpleCallKitApp" */;
			buildPhases = (
				2D9D55D52B25D91C0092637D /* Sources */,
				2D9D55D62B25D91C0092637D /* Frameworks */,
				2D9D55D72B25D91C0092637D /* Resources */,
			);
			buildRules = (
			);
			dependencies = (
			);
			name = SimpleCallKitApp;
			packageProductDependencies = (
				2D9D55F12B25DCDC0092637D /* AIAEC */,
				2D9D55F32B25DCDC0092637D /* AINS */,
				2D9D55F52B25DCDC0092637D /* AudioBeauty */,
				2D9D55F72B25DCDC0092637D /* DRM */,
				2D9D55F92B25DCDC0092637D /* RtcBasic */,
				2D9D55FB2B25DCDC0092637D /* SpatialAudio */,
			);
			productName = SimpleCallKitApp;
			productReference = 2D9D55D92B25D91C0092637D /* SimpleCallKitApp.app */;
			productType = "com.apple.product-type.application";
		};
/* End PBXNativeTarget section */

/* Begin PBXProject section */
		2D9D55D12B25D91C0092637D /* Project object */ = {
			isa = PBXProject;
			attributes = {
				BuildIndependentTargetsInParallel = 1;
				LastSwiftUpdateCheck = 1500;
				LastUpgradeCheck = 1500;
				TargetAttributes = {
					2D9D55D82B25D91C0092637D = {
						CreatedOnToolsVersion = 15.0.1;
					};
				};
			};
			buildConfigurationList = 2D9D55D42B25D91C0092637D /* Build configuration list for PBXProject "SimpleCallKitApp" */;
			compatibilityVersion = "Xcode 14.0";
			developmentRegion = en;
			hasScannedForEncodings = 0;
			knownRegions = (
				en,
				Base,
			);
			mainGroup = 2D9D55D02B25D91C0092637D;
			packageReferences = (
				2D9D55F02B25DCDC0092637D /* XCRemoteSwiftPackageReference "AgoraAudio_iOS" */,
			);
			productRefGroup = 2D9D55DA2B25D91C0092637D /* Products */;
			projectDirPath = "";
			projectRoot = "";
			targets = (
				2D9D55D82B25D91C0092637D /* SimpleCallKitApp */,
			);
		};
/* End PBXProject section */

/* Begin PBXResourcesBuildPhase section */
		2D9D55D72B25D91C0092637D /* Resources */ = {
			isa = PBXResourcesBuildPhase;
			buildActionMask = 2147483647;
			files = (
				2D9D55E62B25D91F0092637D /* Assets.xcassets in Resources */,
			);
			runOnlyForDeploymentPostprocessing = 0;
		};
/* End PBXResourcesBuildPhase section */

/* Begin PBXSourcesBuildPhase section */
		2D9D55D52B25D91C0092637D /* Sources */ = {
			isa = PBXSourcesBuildPhase;
			buildActionMask = 2147483647;
			files = (
				2D9D55E12B25D91C0092637D /* CallViewController.swift in Sources */,
				2D9D55DD2B25D91C0092637D /* AppDelegate.swift in Sources */,
				2D9D56002B25EA2E0092637D /* CallViewModel.swift in Sources */,
				2D9D56072B27053D0092637D /* CallManager.swift in Sources */,
				2D9D55DF2B25D91C0092637D /* SceneDelegate.swift in Sources */,
				2D9D56032B2605790092637D /* CallView.swift in Sources */,
			);
			runOnlyForDeploymentPostprocessing = 0;
		};
/* End PBXSourcesBuildPhase section */

/* Begin XCBuildConfiguration section */
		2D9D55EB2B25D91F0092637D /* Debug */ = {
			isa = XCBuildConfiguration;
			buildSettings = {
				ALWAYS_SEARCH_USER_PATHS = NO;
				ASSETCATALOG_COMPILER_GENERATE_SWIFT_ASSET_SYMBOL_EXTENSIONS = YES;
				CLANG_ANALYZER_NONNULL = YES;
				CLANG_ANALYZER_NUMBER_OBJECT_CONVERSION = YES_AGGRESSIVE;
				CLANG_CXX_LANGUAGE_STANDARD = "gnu++20";
				CLANG_ENABLE_MODULES = YES;
				CLANG_ENABLE_OBJC_ARC = YES;
				CLANG_ENABLE_OBJC_WEAK = YES;
				CLANG_WARN_BLOCK_CAPTURE_AUTORELEASING = YES;
				CLANG_WARN_BOOL_CONVERSION = YES;
				CLANG_WARN_COMMA = YES;
				CLANG_WARN_CONSTANT_CONVERSION = YES;
				CLANG_WARN_DEPRECATED_OBJC_IMPLEMENTATIONS = YES;
				CLANG_WARN_DIRECT_OBJC_ISA_USAGE = YES_ERROR;
				CLANG_WARN_DOCUMENTATION_COMMENTS = YES;
				CLANG_WARN_EMPTY_BODY = YES;
				CLANG_WARN_ENUM_CONVERSION = YES;
				CLANG_WARN_INFINITE_RECURSION = YES;
				CLANG_WARN_INT_CONVERSION = YES;
				CLANG_WARN_NON_LITERAL_NULL_CONVERSION = YES;
				CLANG_WARN_OBJC_IMPLICIT_RETAIN_SELF = YES;
				CLANG_WARN_OBJC_LITERAL_CONVERSION = YES;
				CLANG_WARN_OBJC_ROOT_CLASS = YES_ERROR;
				CLANG_WARN_QUOTED_INCLUDE_IN_FRAMEWORK_HEADER = YES;
				CLANG_WARN_RANGE_LOOP_ANALYSIS = YES;
				CLANG_WARN_STRICT_PROTOTYPES = YES;
				CLANG_WARN_SUSPICIOUS_MOVE = YES;
				CLANG_WARN_UNGUARDED_AVAILABILITY = YES_AGGRESSIVE;
				CLANG_WARN_UNREACHABLE_CODE = YES;
				CLANG_WARN__DUPLICATE_METHOD_MATCH = YES;
				COPY_PHASE_STRIP = NO;
				DEBUG_INFORMATION_FORMAT = dwarf;
				ENABLE_STRICT_OBJC_MSGSEND = YES;
				ENABLE_TESTABILITY = YES;
				ENABLE_USER_SCRIPT_SANDBOXING = YES;
				GCC_C_LANGUAGE_STANDARD = gnu17;
				GCC_DYNAMIC_NO_PIC = NO;
				GCC_NO_COMMON_BLOCKS = YES;
				GCC_OPTIMIZATION_LEVEL = 0;
				GCC_PREPROCESSOR_DEFINITIONS = (
					"DEBUG=1",
					"$(inherited)",
				);
				GCC_WARN_64_TO_32_BIT_CONVERSION = YES;
				GCC_WARN_ABOUT_RETURN_TYPE = YES_ERROR;
				GCC_WARN_UNDECLARED_SELECTOR = YES;
				GCC_WARN_UNINITIALIZED_AUTOS = YES_AGGRESSIVE;
				GCC_WARN_UNUSED_FUNCTION = YES;
				GCC_WARN_UNUSED_VARIABLE = YES;
				IPHONEOS_DEPLOYMENT_TARGET = 17.0;
				LOCALIZATION_PREFERS_STRING_CATALOGS = YES;
				MTL_ENABLE_DEBUG_INFO = INCLUDE_SOURCE;
				MTL_FAST_MATH = YES;
				ONLY_ACTIVE_ARCH = YES;
				SDKROOT = iphoneos;
				SWIFT_ACTIVE_COMPILATION_CONDITIONS = "DEBUG $(inherited)";
				SWIFT_OPTIMIZATION_LEVEL = "-Onone";
			};
			name = Debug;
		};
		2D9D55EC2B25D91F0092637D /* Release */ = {
			isa = XCBuildConfiguration;
			buildSettings = {
				ALWAYS_SEARCH_USER_PATHS = NO;
				ASSETCATALOG_COMPILER_GENERATE_SWIFT_ASSET_SYMBOL_EXTENSIONS = YES;
				CLANG_ANALYZER_NONNULL = YES;
				CLANG_ANALYZER_NUMBER_OBJECT_CONVERSION = YES_AGGRESSIVE;
				CLANG_CXX_LANGUAGE_STANDARD = "gnu++20";
				CLANG_ENABLE_MODULES = YES;
				CLANG_ENABLE_OBJC_ARC = YES;
				CLANG_ENABLE_OBJC_WEAK = YES;
				CLANG_WARN_BLOCK_CAPTURE_AUTORELEASING = YES;
				CLANG_WARN_BOOL_CONVERSION = YES;
				CLANG_WARN_COMMA = YES;
				CLANG_WARN_CONSTANT_CONVERSION = YES;
				CLANG_WARN_DEPRECATED_OBJC_IMPLEMENTATIONS = YES;
				CLANG_WARN_DIRECT_OBJC_ISA_USAGE = YES_ERROR;
				CLANG_WARN_DOCUMENTATION_COMMENTS = YES;
				CLANG_WARN_EMPTY_BODY = YES;
				CLANG_WARN_ENUM_CONVERSION = YES;
				CLANG_WARN_INFINITE_RECURSION = YES;
				CLANG_WARN_INT_CONVERSION = YES;
				CLANG_WARN_NON_LITERAL_NULL_CONVERSION = YES;
				CLANG_WARN_OBJC_IMPLICIT_RETAIN_SELF = YES;
				CLANG_WARN_OBJC_LITERAL_CONVERSION = YES;
				CLANG_WARN_OBJC_ROOT_CLASS = YES_ERROR;
				CLANG_WARN_QUOTED_INCLUDE_IN_FRAMEWORK_HEADER = YES;
				CLANG_WARN_RANGE_LOOP_ANALYSIS = YES;
				CLANG_WARN_STRICT_PROTOTYPES = YES;
				CLANG_WARN_SUSPICIOUS_MOVE = YES;
				CLANG_WARN_UNGUARDED_AVAILABILITY = YES_AGGRESSIVE;
				CLANG_WARN_UNREACHABLE_CODE = YES;
				CLANG_WARN__DUPLICATE_METHOD_MATCH = YES;
				COPY_PHASE_STRIP = NO;
				DEBUG_INFORMATION_FORMAT = "dwarf-with-dsym";
				ENABLE_NS_ASSERTIONS = NO;
				ENABLE_STRICT_OBJC_MSGSEND = YES;
				ENABLE_USER_SCRIPT_SANDBOXING = YES;
				GCC_C_LANGUAGE_STANDARD = gnu17;
				GCC_NO_COMMON_BLOCKS = YES;
				GCC_WARN_64_TO_32_BIT_CONVERSION = YES;
				GCC_WARN_ABOUT_RETURN_TYPE = YES_ERROR;
				GCC_WARN_UNDECLARED_SELECTOR = YES;
				GCC_WARN_UNINITIALIZED_AUTOS = YES_AGGRESSIVE;
				GCC_WARN_UNUSED_FUNCTION = YES;
				GCC_WARN_UNUSED_VARIABLE = YES;
				IPHONEOS_DEPLOYMENT_TARGET = 17.0;
				LOCALIZATION_PREFERS_STRING_CATALOGS = YES;
				MTL_ENABLE_DEBUG_INFO = NO;
				MTL_FAST_MATH = YES;
				SDKROOT = iphoneos;
				SWIFT_COMPILATION_MODE = wholemodule;
				VALIDATE_PRODUCT = YES;
			};
			name = Release;
		};
		2D9D55EE2B25D91F0092637D /* Debug */ = {
			isa = XCBuildConfiguration;
			buildSettings = {
				ASSETCATALOG_COMPILER_APPICON_NAME = AppIcon;
				ASSETCATALOG_COMPILER_GLOBAL_ACCENT_COLOR_NAME = AccentColor;
				CODE_SIGN_STYLE = Automatic;
				CURRENT_PROJECT_VERSION = 1;
				DEVELOPMENT_TEAM = MMLNF3BF4U;
				GENERATE_INFOPLIST_FILE = YES;
				INFOPLIST_FILE = SimpleCallKitApp/Info.plist;
				INFOPLIST_KEY_NSMicrophoneUsageDescription = "Access the microphone.";
				INFOPLIST_KEY_UIApplicationSupportsIndirectInputEvents = YES;
				INFOPLIST_KEY_UILaunchStoryboardName = LaunchScreen;
				INFOPLIST_KEY_UIMainStoryboardFile = "";
				INFOPLIST_KEY_UIStatusBarStyle = "";
				INFOPLIST_KEY_UISupportedInterfaceOrientations = UIInterfaceOrientationPortrait;
				IPHONEOS_DEPLOYMENT_TARGET = 15.6;
				LD_RUNPATH_SEARCH_PATHS = (
					"$(inherited)",
					"@executable_path/Frameworks",
				);
				MARKETING_VERSION = 1.0;
				PRODUCT_BUNDLE_IDENTIFIER = ClickITDev.SimpleCallKitApp;
				PRODUCT_NAME = "$(TARGET_NAME)";
				SUPPORTED_PLATFORMS = "iphoneos iphonesimulator";
				SUPPORTS_MACCATALYST = NO;
				SUPPORTS_MAC_DESIGNED_FOR_IPHONE_IPAD = NO;
				SWIFT_EMIT_LOC_STRINGS = YES;
				SWIFT_VERSION = 5.0;
				TARGETED_DEVICE_FAMILY = 1;
			};
			name = Debug;
		};
		2D9D55EF2B25D91F0092637D /* Release */ = {
			isa = XCBuildConfiguration;
			buildSettings = {
				ASSETCATALOG_COMPILER_APPICON_NAME = AppIcon;
				ASSETCATALOG_COMPILER_GLOBAL_ACCENT_COLOR_NAME = AccentColor;
				CODE_SIGN_STYLE = Automatic;
				CURRENT_PROJECT_VERSION = 1;
				DEVELOPMENT_TEAM = MMLNF3BF4U;
				GENERATE_INFOPLIST_FILE = YES;
				INFOPLIST_FILE = SimpleCallKitApp/Info.plist;
				INFOPLIST_KEY_NSMicrophoneUsageDescription = "Access the microphone.";
				INFOPLIST_KEY_UIApplicationSupportsIndirectInputEvents = YES;
				INFOPLIST_KEY_UILaunchStoryboardName = LaunchScreen;
				INFOPLIST_KEY_UIMainStoryboardFile = "";
				INFOPLIST_KEY_UIStatusBarStyle = "";
				INFOPLIST_KEY_UISupportedInterfaceOrientations = UIInterfaceOrientationPortrait;
				IPHONEOS_DEPLOYMENT_TARGET = 15.6;
				LD_RUNPATH_SEARCH_PATHS = (
					"$(inherited)",
					"@executable_path/Frameworks",
				);
				MARKETING_VERSION = 1.0;
				PRODUCT_BUNDLE_IDENTIFIER = ClickITDev.SimpleCallKitApp;
				PRODUCT_NAME = "$(TARGET_NAME)";
				SUPPORTED_PLATFORMS = "iphoneos iphonesimulator";
				SUPPORTS_MACCATALYST = NO;
				SUPPORTS_MAC_DESIGNED_FOR_IPHONE_IPAD = NO;
				SWIFT_EMIT_LOC_STRINGS = YES;
				SWIFT_VERSION = 5.0;
				TARGETED_DEVICE_FAMILY = 1;
			};
			name = Release;
		};
/* End XCBuildConfiguration section */

/* Begin XCConfigurationList section */
		2D9D55D42B25D91C0092637D /* Build configuration list for PBXProject "SimpleCallKitApp" */ = {
			isa = XCConfigurationList;
			buildConfigurations = (
				2D9D55EB2B25D91F0092637D /* Debug */,
				2D9D55EC2B25D91F0092637D /* Release */,
			);
			defaultConfigurationIsVisible = 0;
			defaultConfigurationName = Release;
		};
		2D9D55ED2B25D91F0092637D /* Build configuration list for PBXNativeTarget "SimpleCallKitApp" */ = {
			isa = XCConfigurationList;
			buildConfigurations = (
				2D9D55EE2B25D91F0092637D /* Debug */,
				2D9D55EF2B25D91F0092637D /* Release */,
			);
			defaultConfigurationIsVisible = 0;
			defaultConfigurationName = Release;
		};
/* End XCConfigurationList section */

/* Begin XCRemoteSwiftPackageReference section */
		2D9D55F02B25DCDC0092637D /* XCRemoteSwiftPackageReference "AgoraAudio_iOS" */ = {
			isa = XCRemoteSwiftPackageReference;
			repositoryURL = "https://github.com/AgoraIO/AgoraAudio_iOS.git";
			requirement = {
				kind = upToNextMajorVersion;
				minimumVersion = 4.2.6;
			};
		};
/* End XCRemoteSwiftPackageReference section */

/* Begin XCSwiftPackageProductDependency section */
		2D9D55F12B25DCDC0092637D /* AIAEC */ = {
			isa = XCSwiftPackageProductDependency;
			package = 2D9D55F02B25DCDC0092637D /* XCRemoteSwiftPackageReference "AgoraAudio_iOS" */;
			productName = AIAEC;
		};
		2D9D55F32B25DCDC0092637D /* AINS */ = {
			isa = XCSwiftPackageProductDependency;
			package = 2D9D55F02B25DCDC0092637D /* XCRemoteSwiftPackageReference "AgoraAudio_iOS" */;
			productName = AINS;
		};
		2D9D55F52B25DCDC0092637D /* AudioBeauty */ = {
			isa = XCSwiftPackageProductDependency;
			package = 2D9D55F02B25DCDC0092637D /* XCRemoteSwiftPackageReference "AgoraAudio_iOS" */;
			productName = AudioBeauty;
		};
		2D9D55F72B25DCDC0092637D /* DRM */ = {
			isa = XCSwiftPackageProductDependency;
			package = 2D9D55F02B25DCDC0092637D /* XCRemoteSwiftPackageReference "AgoraAudio_iOS" */;
			productName = DRM;
		};
		2D9D55F92B25DCDC0092637D /* RtcBasic */ = {
			isa = XCSwiftPackageProductDependency;
			package = 2D9D55F02B25DCDC0092637D /* XCRemoteSwiftPackageReference "AgoraAudio_iOS" */;
			productName = RtcBasic;
		};
		2D9D55FB2B25DCDC0092637D /* SpatialAudio */ = {
			isa = XCSwiftPackageProductDependency;
			package = 2D9D55F02B25DCDC0092637D /* XCRemoteSwiftPackageReference "AgoraAudio_iOS" */;
			productName = SpatialAudio;
		};
/* End XCSwiftPackageProductDependency section */
	};
	rootObject = 2D9D55D12B25D91C0092637D /* Project object */;
}
